
Microsoft Visual Studio Solution File, Format Version 12.00
# Visual Studio Version 17
VisualStudioVersion = 17.13.35806.99 d17.13
MinimumVisualStudioVersion = 10.0.40219.1
Project("{FAE04EC0-301F-11D3-BF4B-00C04F79EFBC}") = "INFINITE-QUIZ-API", "INFINITE-QUIZ-API\INFINITE-QUIZ-API.csproj", "{4E29589A-55C3-4045-BD1C-DFF81693FEB5}"
EndProject
Global
	GlobalSection(SolutionConfigurationPlatforms) = preSolution
		Debug|Any CPU = Debug|Any CPU
		Release|Any CPU = Release|Any CPU
	EndGlobalSection
	GlobalSection(ProjectConfigurationPlatforms) = postSolution
		{4E29589A-55C3-4045-BD1C-DFF81693FEB5}.Debug|Any CPU.ActiveCfg = Debug|Any CPU
		{4E29589A-55C3-4045-BD1C-DFF81693FEB5}.Debug|Any CPU.Build.0 = Debug|Any CPU
		{4E29589A-55C3-4045-BD1C-DFF81693FEB5}.Release|Any CPU.ActiveCfg = Release|Any CPU
		{4E29589A-55C3-4045-BD1C-DFF81693FEB5}.Release|Any CPU.Build.0 = Release|Any CPU
	EndGlobalSection
	GlobalSection(SolutionProperties) = preSolution
		HideSolutionNode = FALSE
	EndGlobalSection
	GlobalSection(ExtensibilityGlobals) = postSolution
		SolutionGuid = {974D556F-9C2C-444D-B9D5-81CBC5192443}
	EndGlobalSection
EndGlobal
